
Microsoft Visual Studio Solution File, Format Version 12.00
# Visual Studio 15
VisualStudioVersion = 15.0.26430.16
MinimumVisualStudioVersion = 10.0.40219.1
Project("{FAE04EC0-301F-11D3-BF4B-00C04F79EFBC}") = "PluggableRepo", "PluggableRepo\PluggableRepo.csproj", "{68F631F9-BC1A-4CB8-86B0-200ABB4896D5}"
	ProjectSection(ProjectDependencies) = postProject
		{0D4C3E55-6A08-4E76-B163-1DEE82F188C0} = {0D4C3E55-6A08-4E76-B163-1DEE82F188C0}
		{12B3E99D-EED5-4F9A-B13A-248B014A7270} = {12B3E99D-EED5-4F9A-B13A-248B014A7270}
		{EEF1A5B7-D4AA-4805-BEF0-98828097C63D} = {EEF1A5B7-D4AA-4805-BEF0-98828097C63D}
		{57F836EF-1E1E-4096-81AA-BC8E11446EB2} = {57F836EF-1E1E-4096-81AA-BC8E11446EB2}
	EndProjectSection
EndProject
Project("{FAE04EC0-301F-11D3-BF4B-00C04F79EFBC}") = "StorageComponent", "StorageComponent\StorageComponent.csproj", "{04CB913F-595C-4D89-9DB1-7107424C9DEB}"
EndProject
Project("{FAE04EC0-301F-11D3-BF4B-00C04F79EFBC}") = "IPluggable", "IPluggableComponent\IPluggable.csproj", "{377CBFA3-F4B5-4C2E-A555-6F9221C5FEB7}"
EndProject
Project("{FAE04EC0-301F-11D3-BF4B-00C04F79EFBC}") = "VersionComponent", "VersionComponent\VersionComponent.csproj", "{EEF1A5B7-D4AA-4805-BEF0-98828097C63D}"
EndProject
Project("{2150E333-8FDC-42A3-9474-1A3956D46DE8}") = "Solution Items", "Solution Items", "{4547A7C2-6B4E-4D14-ACAE-224C5F8D90CB}"
	ProjectSection(SolutionItems) = preProject
		BuildInstructions.txt = BuildInstructions.txt
		DesignNotes.txt = DesignNotes.txt
		ToDo.txt = ToDo.txt
	EndProjectSection
EndProject
Project("{FAE04EC0-301F-11D3-BF4B-00C04F79EFBC}") = "TestUtilities", "TestUtilities\TestUtilities.csproj", "{BF6A68CE-EF4E-40E4-AF2E-CE9BF2B6CFED}"
EndProject
Project("{FAE04EC0-301F-11D3-BF4B-00C04F79EFBC}") = "MetaData", "MetaData\MetaData.csproj", "{EC3A40B4-9ADF-4076-A580-EA278BB68BF0}"
EndProject
Project("{FAE04EC0-301F-11D3-BF4B-00C04F79EFBC}") = "CheckinComponent", "Checkin\CheckinComponent.csproj", "{12B3E99D-EED5-4F9A-B13A-248B014A7270}"
EndProject
Project("{FAE04EC0-301F-11D3-BF4B-00C04F79EFBC}") = "CheckoutComponent", "Checkout\CheckoutComponent.csproj", "{57F836EF-1E1E-4096-81AA-BC8E11446EB2}"
EndProject
Project("{FAE04EC0-301F-11D3-BF4B-00C04F79EFBC}") = "BrowseComponent", "Browse\BrowseComponent.csproj", "{0D4C3E55-6A08-4E76-B163-1DEE82F188C0}"
EndProject
Project("{FAE04EC0-301F-11D3-BF4B-00C04F79EFBC}") = "OwnershipComponent", "OwnershipComponent\OwnershipComponent.csproj", "{BF662CF1-6DF3-47D9-BE7C-2941517131F7}"
EndProject
Project("{FAE04EC0-301F-11D3-BF4B-00C04F79EFBC}") = "PluggableRepoClient", "PluggableRepoClient\PluggableRepoClient.csproj", "{37704A8E-87D1-43AF-9EED-FED233C04B2C}"
EndProject
Project("{FAE04EC0-301F-11D3-BF4B-00C04F79EFBC}") = "Relationships", "Relationships\Relationships.csproj", "{435C2591-D63F-4866-8FF4-52FAA574D48B}"
EndProject
Project("{FAE04EC0-301F-11D3-BF4B-00C04F79EFBC}") = "FileNameEditor", "FileNameEditor\FileNameEditor.csproj", "{700DDBF1-B8F5-4164-9238-D3677ECEF7BC}"
EndProject
Project("{FAE04EC0-301F-11D3-BF4B-00C04F79EFBC}") = "FileSynchronizer", "FileSynchronizer\FileSynchronizer.csproj", "{59A23B57-32C3-4B36-AB83-372924662B6C}"
EndProject
Project("{FAE04EC0-301F-11D3-BF4B-00C04F79EFBC}") = "RepoServer", "RepoServer\RepoServer.csproj", "{19C20B5F-47B9-4543-8B0B-5F246E54519C}"
EndProject
Project("{FAE04EC0-301F-11D3-BF4B-00C04F79EFBC}") = "PluggableCommService", "PluggableCommService\PluggableCommService.csproj", "{6A9DF216-52D2-4E9C-BE52-872DC211FCAE}"
EndProject
Global
	GlobalSection(SolutionConfigurationPlatforms) = preSolution
		Debug|Any CPU = Debug|Any CPU
		Release|Any CPU = Release|Any CPU
	EndGlobalSection
	GlobalSection(ProjectConfigurationPlatforms) = postSolution
		{68F631F9-BC1A-4CB8-86B0-200ABB4896D5}.Debug|Any CPU.ActiveCfg = Debug|Any CPU
		{68F631F9-BC1A-4CB8-86B0-200ABB4896D5}.Debug|Any CPU.Build.0 = Debug|Any CPU
		{68F631F9-BC1A-4CB8-86B0-200ABB4896D5}.Release|Any CPU.ActiveCfg = Release|Any CPU
		{68F631F9-BC1A-4CB8-86B0-200ABB4896D5}.Release|Any CPU.Build.0 = Release|Any CPU
		{04CB913F-595C-4D89-9DB1-7107424C9DEB}.Debug|Any CPU.ActiveCfg = Debug|Any CPU
		{04CB913F-595C-4D89-9DB1-7107424C9DEB}.Debug|Any CPU.Build.0 = Debug|Any CPU
		{04CB913F-595C-4D89-9DB1-7107424C9DEB}.Release|Any CPU.ActiveCfg = Release|Any CPU
		{04CB913F-595C-4D89-9DB1-7107424C9DEB}.Release|Any CPU.Build.0 = Release|Any CPU
		{377CBFA3-F4B5-4C2E-A555-6F9221C5FEB7}.Debug|Any CPU.ActiveCfg = Debug|Any CPU
		{377CBFA3-F4B5-4C2E-A555-6F9221C5FEB7}.Debug|Any CPU.Build.0 = Debug|Any CPU
		{377CBFA3-F4B5-4C2E-A555-6F9221C5FEB7}.Release|Any CPU.ActiveCfg = Release|Any CPU
		{377CBFA3-F4B5-4C2E-A555-6F9221C5FEB7}.Release|Any CPU.Build.0 = Release|Any CPU
		{EEF1A5B7-D4AA-4805-BEF0-98828097C63D}.Debug|Any CPU.ActiveCfg = Debug|Any CPU
		{EEF1A5B7-D4AA-4805-BEF0-98828097C63D}.Debug|Any CPU.Build.0 = Debug|Any CPU
		{EEF1A5B7-D4AA-4805-BEF0-98828097C63D}.Release|Any CPU.ActiveCfg = Release|Any CPU
		{EEF1A5B7-D4AA-4805-BEF0-98828097C63D}.Release|Any CPU.Build.0 = Release|Any CPU
		{BF6A68CE-EF4E-40E4-AF2E-CE9BF2B6CFED}.Debug|Any CPU.ActiveCfg = Debug|Any CPU
		{BF6A68CE-EF4E-40E4-AF2E-CE9BF2B6CFED}.Debug|Any CPU.Build.0 = Debug|Any CPU
		{BF6A68CE-EF4E-40E4-AF2E-CE9BF2B6CFED}.Release|Any CPU.ActiveCfg = Release|Any CPU
		{BF6A68CE-EF4E-40E4-AF2E-CE9BF2B6CFED}.Release|Any CPU.Build.0 = Release|Any CPU
		{EC3A40B4-9ADF-4076-A580-EA278BB68BF0}.Debug|Any CPU.ActiveCfg = Debug|Any CPU
		{EC3A40B4-9ADF-4076-A580-EA278BB68BF0}.Debug|Any CPU.Build.0 = Debug|Any CPU
		{EC3A40B4-9ADF-4076-A580-EA278BB68BF0}.Release|Any CPU.ActiveCfg = Release|Any CPU
		{EC3A40B4-9ADF-4076-A580-EA278BB68BF0}.Release|Any CPU.Build.0 = Release|Any CPU
		{12B3E99D-EED5-4F9A-B13A-248B014A7270}.Debug|Any CPU.ActiveCfg = Debug|Any CPU
		{12B3E99D-EED5-4F9A-B13A-248B014A7270}.Debug|Any CPU.Build.0 = Debug|Any CPU
		{12B3E99D-EED5-4F9A-B13A-248B014A7270}.Release|Any CPU.ActiveCfg = Release|Any CPU
		{12B3E99D-EED5-4F9A-B13A-248B014A7270}.Release|Any CPU.Build.0 = Release|Any CPU
		{57F836EF-1E1E-4096-81AA-BC8E11446EB2}.Debug|Any CPU.ActiveCfg = Debug|Any CPU
		{57F836EF-1E1E-4096-81AA-BC8E11446EB2}.Debug|Any CPU.Build.0 = Debug|Any CPU
		{57F836EF-1E1E-4096-81AA-BC8E11446EB2}.Release|Any CPU.ActiveCfg = Release|Any CPU
		{57F836EF-1E1E-4096-81AA-BC8E11446EB2}.Release|Any CPU.Build.0 = Release|Any CPU
		{0D4C3E55-6A08-4E76-B163-1DEE82F188C0}.Debug|Any CPU.ActiveCfg = Debug|Any CPU
		{0D4C3E55-6A08-4E76-B163-1DEE82F188C0}.Debug|Any CPU.Build.0 = Debug|Any CPU
		{0D4C3E55-6A08-4E76-B163-1DEE82F188C0}.Release|Any CPU.ActiveCfg = Release|Any CPU
		{0D4C3E55-6A08-4E76-B163-1DEE82F188C0}.Release|Any CPU.Build.0 = Release|Any CPU
		{BF662CF1-6DF3-47D9-BE7C-2941517131F7}.Debug|Any CPU.ActiveCfg = Debug|Any CPU
		{BF662CF1-6DF3-47D9-BE7C-2941517131F7}.Debug|Any CPU.Build.0 = Debug|Any CPU
		{BF662CF1-6DF3-47D9-BE7C-2941517131F7}.Release|Any CPU.ActiveCfg = Release|Any CPU
		{BF662CF1-6DF3-47D9-BE7C-2941517131F7}.Release|Any CPU.Build.0 = Release|Any CPU
		{37704A8E-87D1-43AF-9EED-FED233C04B2C}.Debug|Any CPU.ActiveCfg = Debug|Any CPU
		{37704A8E-87D1-43AF-9EED-FED233C04B2C}.Debug|Any CPU.Build.0 = Debug|Any CPU
		{37704A8E-87D1-43AF-9EED-FED233C04B2C}.Release|Any CPU.ActiveCfg = Release|Any CPU
		{37704A8E-87D1-43AF-9EED-FED233C04B2C}.Release|Any CPU.Build.0 = Release|Any CPU
		{435C2591-D63F-4866-8FF4-52FAA574D48B}.Debug|Any CPU.ActiveCfg = Debug|Any CPU
		{435C2591-D63F-4866-8FF4-52FAA574D48B}.Debug|Any CPU.Build.0 = Debug|Any CPU
		{435C2591-D63F-4866-8FF4-52FAA574D48B}.Release|Any CPU.ActiveCfg = Release|Any CPU
		{435C2591-D63F-4866-8FF4-52FAA574D48B}.Release|Any CPU.Build.0 = Release|Any CPU
		{700DDBF1-B8F5-4164-9238-D3677ECEF7BC}.Debug|Any CPU.ActiveCfg = Debug|Any CPU
		{700DDBF1-B8F5-4164-9238-D3677ECEF7BC}.Debug|Any CPU.Build.0 = Debug|Any CPU
		{700DDBF1-B8F5-4164-9238-D3677ECEF7BC}.Release|Any CPU.ActiveCfg = Release|Any CPU
		{700DDBF1-B8F5-4164-9238-D3677ECEF7BC}.Release|Any CPU.Build.0 = Release|Any CPU
		{59A23B57-32C3-4B36-AB83-372924662B6C}.Debug|Any CPU.ActiveCfg = Debug|Any CPU
		{59A23B57-32C3-4B36-AB83-372924662B6C}.Debug|Any CPU.Build.0 = Debug|Any CPU
		{59A23B57-32C3-4B36-AB83-372924662B6C}.Release|Any CPU.ActiveCfg = Release|Any CPU
		{59A23B57-32C3-4B36-AB83-372924662B6C}.Release|Any CPU.Build.0 = Release|Any CPU
		{19C20B5F-47B9-4543-8B0B-5F246E54519C}.Debug|Any CPU.ActiveCfg = Debug|Any CPU
		{19C20B5F-47B9-4543-8B0B-5F246E54519C}.Debug|Any CPU.Build.0 = Debug|Any CPU
		{19C20B5F-47B9-4543-8B0B-5F246E54519C}.Release|Any CPU.ActiveCfg = Release|Any CPU
		{19C20B5F-47B9-4543-8B0B-5F246E54519C}.Release|Any CPU.Build.0 = Release|Any CPU
		{6A9DF216-52D2-4E9C-BE52-872DC211FCAE}.Debug|Any CPU.ActiveCfg = Debug|Any CPU
		{6A9DF216-52D2-4E9C-BE52-872DC211FCAE}.Debug|Any CPU.Build.0 = Debug|Any CPU
		{6A9DF216-52D2-4E9C-BE52-872DC211FCAE}.Release|Any CPU.ActiveCfg = Release|Any CPU
		{6A9DF216-52D2-4E9C-BE52-872DC211FCAE}.Release|Any CPU.Build.0 = Release|Any CPU
	EndGlobalSection
	GlobalSection(SolutionProperties) = preSolution
		HideSolutionNode = FALSE
	EndGlobalSection
EndGlobal
